// !$*UTF8*$!
{
	archiveVersion = 1;
	classes = {
	};
	objectVersion = 50;
	objects = {

/* Begin PBXBuildFile section */
		3525296D081F0E52352BA558 /* Pods_Weather2.framework in Frameworks */ = {isa = PBXBuildFile; fileRef = 7E28B438BC5B697FF09DA16D /* Pods_Weather2.framework */; };
		3FB340B523AE4CAA0080DEE0 /* AppDelegate.swift in Sources */ = {isa = PBXBuildFile; fileRef = 3FB340B423AE4CAA0080DEE0 /* AppDelegate.swift */; };
		3FB340B723AE4CAA0080DEE0 /* SceneDelegate.swift in Sources */ = {isa = PBXBuildFile; fileRef = 3FB340B623AE4CAA0080DEE0 /* SceneDelegate.swift */; };
		3FB340B923AE4CAA0080DEE0 /* ViewController.swift in Sources */ = {isa = PBXBuildFile; fileRef = 3FB340B823AE4CAA0080DEE0 /* ViewController.swift */; };
		3FB340BC23AE4CAA0080DEE0 /* Main.storyboard in Resources */ = {isa = PBXBuildFile; fileRef = 3FB340BA23AE4CAA0080DEE0 /* Main.storyboard */; };
		3FB340BE23AE4CAC0080DEE0 /* Assets.xcassets in Resources */ = {isa = PBXBuildFile; fileRef = 3FB340BD23AE4CAC0080DEE0 /* Assets.xcassets */; };
		3FB340C123AE4CAC0080DEE0 /* LaunchScreen.storyboard in Resources */ = {isa = PBXBuildFile; fileRef = 3FB340BF23AE4CAC0080DEE0 /* LaunchScreen.storyboard */; };
		3FB340CC23AE4CAD0080DEE0 /* Weather2Tests.swift in Sources */ = {isa = PBXBuildFile; fileRef = 3FB340CB23AE4CAD0080DEE0 /* Weather2Tests.swift */; };
		3FB340D723AE4CAD0080DEE0 /* Weather2UITests.swift in Sources */ = {isa = PBXBuildFile; fileRef = 3FB340D623AE4CAD0080DEE0 /* Weather2UITests.swift */; };
		980B36CF89DE98A9A5D743C9 /* Pods_Weather2_Weather2UITests.framework in Frameworks */ = {isa = PBXBuildFile; fileRef = DFF6DA7EC91D430CF5820ABE /* Pods_Weather2_Weather2UITests.framework */; };
		9C999D1496F414B8D31A6C06 /* Pods_Weather2Tests.framework in Frameworks */ = {isa = PBXBuildFile; fileRef = 42A8A662A3996E64390B7F3A /* Pods_Weather2Tests.framework */; };
/* End PBXBuildFile section */

/* Begin PBXContainerItemProxy section */
		3FB340C823AE4CAD0080DEE0 /* PBXContainerItemProxy */ = {
			isa = PBXContainerItemProxy;
			containerPortal = 3FB340A923AE4CA90080DEE0 /* Project object */;
			proxyType = 1;
			remoteGlobalIDString = 3FB340B023AE4CA90080DEE0;
			remoteInfo = Weather2;
		};
		3FB340D323AE4CAD0080DEE0 /* PBXContainerItemProxy */ = {
			isa = PBXContainerItemProxy;
			containerPortal = 3FB340A923AE4CA90080DEE0 /* Project object */;
			proxyType = 1;
			remoteGlobalIDString = 3FB340B023AE4CA90080DEE0;
			remoteInfo = Weather2;
		};
/* End PBXContainerItemProxy section */

/* Begin PBXFileReference section */
		0765703470B6E82689708A02 /* Pods-Weather2Tests.debug.xcconfig */ = {isa = PBXFileReference; includeInIndex = 1; lastKnownFileType = text.xcconfig; name = "Pods-Weather2Tests.debug.xcconfig"; path = "Target Support Files/Pods-Weather2Tests/Pods-Weather2Tests.debug.xcconfig"; sourceTree = "<group>"; };
		178B52610534DF4AE9841700 /* Pods-Weather2-Weather2UITests.release.xcconfig */ = {isa = PBXFileReference; includeInIndex = 1; lastKnownFileType = text.xcconfig; name = "Pods-Weather2-Weather2UITests.release.xcconfig"; path = "Target Support Files/Pods-Weather2-Weather2UITests/Pods-Weather2-Weather2UITests.release.xcconfig"; sourceTree = "<group>"; };
		17F01EABEC1E4FA8135BEB6A /* Pods-Weather2.debug.xcconfig */ = {isa = PBXFileReference; includeInIndex = 1; lastKnownFileType = text.xcconfig; name = "Pods-Weather2.debug.xcconfig"; path = "Target Support Files/Pods-Weather2/Pods-Weather2.debug.xcconfig"; sourceTree = "<group>"; };
		3403B0ABA10FF690623CD60B /* Pods-Weather2Tests.release.xcconfig */ = {isa = PBXFileReference; includeInIndex = 1; lastKnownFileType = text.xcconfig; name = "Pods-Weather2Tests.release.xcconfig"; path = "Target Support Files/Pods-Weather2Tests/Pods-Weather2Tests.release.xcconfig"; sourceTree = "<group>"; };
		3FB340B123AE4CAA0080DEE0 /* Weather2.app */ = {isa = PBXFileReference; explicitFileType = wrapper.application; includeInIndex = 0; path = Weather2.app; sourceTree = BUILT_PRODUCTS_DIR; };
		3FB340B423AE4CAA0080DEE0 /* AppDelegate.swift */ = {isa = PBXFileReference; lastKnownFileType = sourcecode.swift; path = AppDelegate.swift; sourceTree = "<group>"; };
		3FB340B623AE4CAA0080DEE0 /* SceneDelegate.swift */ = {isa = PBXFileReference; lastKnownFileType = sourcecode.swift; path = SceneDelegate.swift; sourceTree = "<group>"; };
		3FB340B823AE4CAA0080DEE0 /* ViewController.swift */ = {isa = PBXFileReference; lastKnownFileType = sourcecode.swift; path = ViewController.swift; sourceTree = "<group>"; };
		3FB340BB23AE4CAA0080DEE0 /* Base */ = {isa = PBXFileReference; lastKnownFileType = file.storyboard; name = Base; path = Base.lproj/Main.storyboard; sourceTree = "<group>"; };
		3FB340BD23AE4CAC0080DEE0 /* Assets.xcassets */ = {isa = PBXFileReference; lastKnownFileType = folder.assetcatalog; path = Assets.xcassets; sourceTree = "<group>"; };
		3FB340C023AE4CAC0080DEE0 /* Base */ = {isa = PBXFileReference; lastKnownFileType = file.storyboard; name = Base; path = Base.lproj/LaunchScreen.storyboard; sourceTree = "<group>"; };
		3FB340C223AE4CAC0080DEE0 /* Info.plist */ = {isa = PBXFileReference; lastKnownFileType = text.plist.xml; path = Info.plist; sourceTree = "<group>"; };
		3FB340C723AE4CAD0080DEE0 /* Weather2Tests.xctest */ = {isa = PBXFileReference; explicitFileType = wrapper.cfbundle; includeInIndex = 0; path = Weather2Tests.xctest; sourceTree = BUILT_PRODUCTS_DIR; };
		3FB340CB23AE4CAD0080DEE0 /* Weather2Tests.swift */ = {isa = PBXFileReference; lastKnownFileType = sourcecode.swift; path = Weather2Tests.swift; sourceTree = "<group>"; };
		3FB340CD23AE4CAD0080DEE0 /* Info.plist */ = {isa = PBXFileReference; lastKnownFileType = text.plist.xml; path = Info.plist; sourceTree = "<group>"; };
		3FB340D223AE4CAD0080DEE0 /* Weather2UITests.xctest */ = {isa = PBXFileReference; explicitFileType = wrapper.cfbundle; includeInIndex = 0; path = Weather2UITests.xctest; sourceTree = BUILT_PRODUCTS_DIR; };
		3FB340D623AE4CAD0080DEE0 /* Weather2UITests.swift */ = {isa = PBXFileReference; lastKnownFileType = sourcecode.swift; path = Weather2UITests.swift; sourceTree = "<group>"; };
		3FB340D823AE4CAD0080DEE0 /* Info.plist */ = {isa = PBXFileReference; lastKnownFileType = text.plist.xml; path = Info.plist; sourceTree = "<group>"; };
		42A8A662A3996E64390B7F3A /* Pods_Weather2Tests.framework */ = {isa = PBXFileReference; explicitFileType = wrapper.framework; includeInIndex = 0; path = Pods_Weather2Tests.framework; sourceTree = BUILT_PRODUCTS_DIR; };
		7E28B438BC5B697FF09DA16D /* Pods_Weather2.framework */ = {isa = PBXFileReference; explicitFileType = wrapper.framework; includeInIndex = 0; path = Pods_Weather2.framework; sourceTree = BUILT_PRODUCTS_DIR; };
		7EE501FB97D9EEF2D1DE9A12 /* Pods-Weather2.release.xcconfig */ = {isa = PBXFileReference; includeInIndex = 1; lastKnownFileType = text.xcconfig; name = "Pods-Weather2.release.xcconfig"; path = "Target Support Files/Pods-Weather2/Pods-Weather2.release.xcconfig"; sourceTree = "<group>"; };
		A3812CBB7F87F210FE169BE8 /* Pods-Weather2-Weather2UITests.debug.xcconfig */ = {isa = PBXFileReference; includeInIndex = 1; lastKnownFileType = text.xcconfig; name = "Pods-Weather2-Weather2UITests.debug.xcconfig"; path = "Target Support Files/Pods-Weather2-Weather2UITests/Pods-Weather2-Weather2UITests.debug.xcconfig"; sourceTree = "<group>"; };
		DFF6DA7EC91D430CF5820ABE /* Pods_Weather2_Weather2UITests.framework */ = {isa = PBXFileReference; explicitFileType = wrapper.framework; includeInIndex = 0; path = Pods_Weather2_Weather2UITests.framework; sourceTree = BUILT_PRODUCTS_DIR; };
/* End PBXFileReference section */

/* Begin PBXFrameworksBuildPhase section */
		3FB340AE23AE4CA90080DEE0 /* Frameworks */ = {
			isa = PBXFrameworksBuildPhase;
			buildActionMask = 2147483647;
			files = (
				3525296D081F0E52352BA558 /* Pods_Weather2.framework in Frameworks */,
			);
			runOnlyForDeploymentPostprocessing = 0;
		};
		3FB340C423AE4CAD0080DEE0 /* Frameworks */ = {
			isa = PBXFrameworksBuildPhase;
			buildActionMask = 2147483647;
			files = (
				9C999D1496F414B8D31A6C06 /* Pods_Weather2Tests.framework in Frameworks */,
			);
			runOnlyForDeploymentPostprocessing = 0;
		};
		3FB340CF23AE4CAD0080DEE0 /* Frameworks */ = {
			isa = PBXFrameworksBuildPhase;
			buildActionMask = 2147483647;
			files = (
				980B36CF89DE98A9A5D743C9 /* Pods_Weather2_Weather2UITests.framework in Frameworks */,
			);
			runOnlyForDeploymentPostprocessing = 0;
		};
/* End PBXFrameworksBuildPhase section */

/* Begin PBXGroup section */
		3FB340A823AE4CA90080DEE0 = {
			isa = PBXGroup;
			children = (
				3FB340B323AE4CAA0080DEE0 /* Weather2 */,
				3FB340CA23AE4CAD0080DEE0 /* Weather2Tests */,
				3FB340D523AE4CAD0080DEE0 /* Weather2UITests */,
				3FB340B223AE4CAA0080DEE0 /* Products */,
				7D67238F3C27A75963E82823 /* Pods */,
				714A9E6C53E18937CACF2A48 /* Frameworks */,
			);
			sourceTree = "<group>";
		};
		3FB340B223AE4CAA0080DEE0 /* Products */ = {
			isa = PBXGroup;
			children = (
				3FB340B123AE4CAA0080DEE0 /* Weather2.app */,
				3FB340C723AE4CAD0080DEE0 /* Weather2Tests.xctest */,
				3FB340D223AE4CAD0080DEE0 /* Weather2UITests.xctest */,
			);
			name = Products;
			sourceTree = "<group>";
		};
		3FB340B323AE4CAA0080DEE0 /* Weather2 */ = {
			isa = PBXGroup;
			children = (
				3FB340B423AE4CAA0080DEE0 /* AppDelegate.swift */,
				3FB340B623AE4CAA0080DEE0 /* SceneDelegate.swift */,
				3FB340B823AE4CAA0080DEE0 /* ViewController.swift */,
				3FB340BA23AE4CAA0080DEE0 /* Main.storyboard */,
				3FB340BD23AE4CAC0080DEE0 /* Assets.xcassets */,
				3FB340BF23AE4CAC0080DEE0 /* LaunchScreen.storyboard */,
				3FB340C223AE4CAC0080DEE0 /* Info.plist */,
			);
			path = Weather2;
			sourceTree = "<group>";
		};
		3FB340CA23AE4CAD0080DEE0 /* Weather2Tests */ = {
			isa = PBXGroup;
			children = (
				3FB340CB23AE4CAD0080DEE0 /* Weather2Tests.swift */,
				3FB340CD23AE4CAD0080DEE0 /* Info.plist */,
			);
			path = Weather2Tests;
			sourceTree = "<group>";
		};
		3FB340D523AE4CAD0080DEE0 /* Weather2UITests */ = {
			isa = PBXGroup;
			children = (
				3FB340D623AE4CAD0080DEE0 /* Weather2UITests.swift */,
				3FB340D823AE4CAD0080DEE0 /* Info.plist */,
			);
			path = Weather2UITests;
			sourceTree = "<group>";
		};
		714A9E6C53E18937CACF2A48 /* Frameworks */ = {
			isa = PBXGroup;
			children = (
				7E28B438BC5B697FF09DA16D /* Pods_Weather2.framework */,
				DFF6DA7EC91D430CF5820ABE /* Pods_Weather2_Weather2UITests.framework */,
				42A8A662A3996E64390B7F3A /* Pods_Weather2Tests.framework */,
			);
			name = Frameworks;
			sourceTree = "<group>";
		};
		7D67238F3C27A75963E82823 /* Pods */ = {
			isa = PBXGroup;
			children = (
				17F01EABEC1E4FA8135BEB6A /* Pods-Weather2.debug.xcconfig */,
				7EE501FB97D9EEF2D1DE9A12 /* Pods-Weather2.release.xcconfig */,
				A3812CBB7F87F210FE169BE8 /* Pods-Weather2-Weather2UITests.debug.xcconfig */,
				178B52610534DF4AE9841700 /* Pods-Weather2-Weather2UITests.release.xcconfig */,
				0765703470B6E82689708A02 /* Pods-Weather2Tests.debug.xcconfig */,
				3403B0ABA10FF690623CD60B /* Pods-Weather2Tests.release.xcconfig */,
			);
			name = Pods;
			path = Pods;
			sourceTree = "<group>";
		};
/* End PBXGroup section */

/* Begin PBXNativeTarget section */
		3FB340B023AE4CA90080DEE0 /* Weather2 */ = {
			isa = PBXNativeTarget;
			buildConfigurationList = 3FB340DB23AE4CAD0080DEE0 /* Build configuration list for PBXNativeTarget "Weather2" */;
			buildPhases = (
				C5C9C7A9397BE84951F0AC0F /* [CP] Check Pods Manifest.lock */,
				3FB340AD23AE4CA90080DEE0 /* Sources */,
				3FB340AE23AE4CA90080DEE0 /* Frameworks */,
				3FB340AF23AE4CA90080DEE0 /* Resources */,
				87C191160109D48E9994EF52 /* [CP] Embed Pods Frameworks */,
			);
			buildRules = (
			);
			dependencies = (
			);
			name = Weather2;
			productName = Weather2;
			productReference = 3FB340B123AE4CAA0080DEE0 /* Weather2.app */;
			productType = "com.apple.product-type.application";
		};
		3FB340C623AE4CAD0080DEE0 /* Weather2Tests */ = {
			isa = PBXNativeTarget;
			buildConfigurationList = 3FB340DE23AE4CAD0080DEE0 /* Build configuration list for PBXNativeTarget "Weather2Tests" */;
			buildPhases = (
				E44A4C5BED2E900C64F2CF9E /* [CP] Check Pods Manifest.lock */,
				3FB340C323AE4CAD0080DEE0 /* Sources */,
				3FB340C423AE4CAD0080DEE0 /* Frameworks */,
				3FB340C523AE4CAD0080DEE0 /* Resources */,
			);
			buildRules = (
			);
			dependencies = (
				3FB340C923AE4CAD0080DEE0 /* PBXTargetDependency */,
			);
			name = Weather2Tests;
			productName = Weather2Tests;
			productReference = 3FB340C723AE4CAD0080DEE0 /* Weather2Tests.xctest */;
			productType = "com.apple.product-type.bundle.unit-test";
		};
		3FB340D123AE4CAD0080DEE0 /* Weather2UITests */ = {
			isa = PBXNativeTarget;
			buildConfigurationList = 3FB340E123AE4CAD0080DEE0 /* Build configuration list for PBXNativeTarget "Weather2UITests" */;
			buildPhases = (
				B551317978653D34A207BD67 /* [CP] Check Pods Manifest.lock */,
				3FB340CE23AE4CAD0080DEE0 /* Sources */,
				3FB340CF23AE4CAD0080DEE0 /* Frameworks */,
				3FB340D023AE4CAD0080DEE0 /* Resources */,
				AC15C078A4449B431806A000 /* [CP] Embed Pods Frameworks */,
			);
			buildRules = (
			);
			dependencies = (
				3FB340D423AE4CAD0080DEE0 /* PBXTargetDependency */,
			);
			name = Weather2UITests;
			productName = Weather2UITests;
			productReference = 3FB340D223AE4CAD0080DEE0 /* Weather2UITests.xctest */;
			productType = "com.apple.product-type.bundle.ui-testing";
		};
/* End PBXNativeTarget section */

/* Begin PBXProject section */
		3FB340A923AE4CA90080DEE0 /* Project object */ = {
			isa = PBXProject;
			attributes = {
				LastSwiftUpdateCheck = 1130;
				LastUpgradeCheck = 1130;
				ORGANIZATIONNAME = "Nathan Hynes";
				TargetAttributes = {
					3FB340B023AE4CA90080DEE0 = {
						CreatedOnToolsVersion = 11.3;
					};
					3FB340C623AE4CAD0080DEE0 = {
						CreatedOnToolsVersion = 11.3;
						TestTargetID = 3FB340B023AE4CA90080DEE0;
					};
					3FB340D123AE4CAD0080DEE0 = {
						CreatedOnToolsVersion = 11.3;
						TestTargetID = 3FB340B023AE4CA90080DEE0;
					};
				};
			};
			buildConfigurationList = 3FB340AC23AE4CA90080DEE0 /* Build configuration list for PBXProject "Weather2" */;
			compatibilityVersion = "Xcode 9.3";
			developmentRegion = en;
			hasScannedForEncodings = 0;
			knownRegions = (
				en,
				Base,
			);
			mainGroup = 3FB340A823AE4CA90080DEE0;
			productRefGroup = 3FB340B223AE4CAA0080DEE0 /* Products */;
			projectDirPath = "";
			projectRoot = "";
			targets = (
				3FB340B023AE4CA90080DEE0 /* Weather2 */,
				3FB340C623AE4CAD0080DEE0 /* Weather2Tests */,
				3FB340D123AE4CAD0080DEE0 /* Weather2UITests */,
			);
		};
/* End PBXProject section */

/* Begin PBXResourcesBuildPhase section */
		3FB340AF23AE4CA90080DEE0 /* Resources */ = {
			isa = PBXResourcesBuildPhase;
			buildActionMask = 2147483647;
			files = (
				3FB340C123AE4CAC0080DEE0 /* LaunchScreen.storyboard in Resources */,
				3FB340BE23AE4CAC0080DEE0 /* Assets.xcassets in Resources */,
				3FB340BC23AE4CAA0080DEE0 /* Main.storyboard in Resources */,
			);
			runOnlyForDeploymentPostprocessing = 0;
		};
		3FB340C523AE4CAD0080DEE0 /* Resources */ = {
			isa = PBXResourcesBuildPhase;
			buildActionMask = 2147483647;
			files = (
			);
			runOnlyForDeploymentPostprocessing = 0;
		};
		3FB340D023AE4CAD0080DEE0 /* Resources */ = {
			isa = PBXResourcesBuildPhase;
			buildActionMask = 2147483647;
			files = (
			);
			runOnlyForDeploymentPostprocessing = 0;
		};
/* End PBXResourcesBuildPhase section */

/* Begin PBXShellScriptBuildPhase section */
		87C191160109D48E9994EF52 /* [CP] Embed Pods Frameworks */ = {
			isa = PBXShellScriptBuildPhase;
			buildActionMask = 2147483647;
			files = (
			);
			inputFileListPaths = (
				"${PODS_ROOT}/Target Support Files/Pods-Weather2/Pods-Weather2-frameworks-${CONFIGURATION}-input-files.xcfilelist",
			);
			name = "[CP] Embed Pods Frameworks";
			outputFileListPaths = (
				"${PODS_ROOT}/Target Support Files/Pods-Weather2/Pods-Weather2-frameworks-${CONFIGURATION}-output-files.xcfilelist",
			);
			runOnlyForDeploymentPostprocessing = 0;
			shellPath = /bin/sh;
			shellScript = "\"${PODS_ROOT}/Target Support Files/Pods-Weather2/Pods-Weather2-frameworks.sh\"\n";
			showEnvVarsInLog = 0;
		};
		AC15C078A4449B431806A000 /* [CP] Embed Pods Frameworks */ = {
			isa = PBXShellScriptBuildPhase;
			buildActionMask = 2147483647;
			files = (
			);
			inputFileListPaths = (
				"${PODS_ROOT}/Target Support Files/Pods-Weather2-Weather2UITests/Pods-Weather2-Weather2UITests-frameworks-${CONFIGURATION}-input-files.xcfilelist",
			);
			name = "[CP] Embed Pods Frameworks";
			outputFileListPaths = (
				"${PODS_ROOT}/Target Support Files/Pods-Weather2-Weather2UITests/Pods-Weather2-Weather2UITests-frameworks-${CONFIGURATION}-output-files.xcfilelist",
			);
			runOnlyForDeploymentPostprocessing = 0;
			shellPath = /bin/sh;
			shellScript = "\"${PODS_ROOT}/Target Support Files/Pods-Weather2-Weather2UITests/Pods-Weather2-Weather2UITests-frameworks.sh\"\n";
			showEnvVarsInLog = 0;
		};
		B551317978653D34A207BD67 /* [CP] Check Pods Manifest.lock */ = {
			isa = PBXShellScriptBuildPhase;
			buildActionMask = 2147483647;
			files = (
			);
			inputFileListPaths = (
			);
			inputPaths = (
				"${PODS_PODFILE_DIR_PATH}/Podfile.lock",
				"${PODS_ROOT}/Manifest.lock",
			);
			name = "[CP] Check Pods Manifest.lock";
			outputFileListPaths = (
			);
			outputPaths = (
				"$(DERIVED_FILE_DIR)/Pods-Weather2-Weather2UITests-checkManifestLockResult.txt",
			);
			runOnlyForDeploymentPostprocessing = 0;
			shellPath = /bin/sh;
			shellScript = "diff \"${PODS_PODFILE_DIR_PATH}/Podfile.lock\" \"${PODS_ROOT}/Manifest.lock\" > /dev/null\nif [ $? != 0 ] ; then\n    # print error to STDERR\n    echo \"error: The sandbox is not in sync with the Podfile.lock. Run 'pod install' or update your CocoaPods installation.\" >&2\n    exit 1\nfi\n# This output is used by Xcode 'outputs' to avoid re-running this script phase.\necho \"SUCCESS\" > \"${SCRIPT_OUTPUT_FILE_0}\"\n";
			showEnvVarsInLog = 0;
		};
		C5C9C7A9397BE84951F0AC0F /* [CP] Check Pods Manifest.lock */ = {
			isa = PBXShellScriptBuildPhase;
			buildActionMask = 2147483647;
			files = (
			);
			inputFileListPaths = (
			);
			inputPaths = (
				"${PODS_PODFILE_DIR_PATH}/Podfile.lock",
				"${PODS_ROOT}/Manifest.lock",
			);
			name = "[CP] Check Pods Manifest.lock";
			outputFileListPaths = (
			);
			outputPaths = (
				"$(DERIVED_FILE_DIR)/Pods-Weather2-checkManifestLockResult.txt",
			);
			runOnlyForDeploymentPostprocessing = 0;
			shellPath = /bin/sh;
			shellScript = "diff \"${PODS_PODFILE_DIR_PATH}/Podfile.lock\" \"${PODS_ROOT}/Manifest.lock\" > /dev/null\nif [ $? != 0 ] ; then\n    # print error to STDERR\n    echo \"error: The sandbox is not in sync with the Podfile.lock. Run 'pod install' or update your CocoaPods installation.\" >&2\n    exit 1\nfi\n# This output is used by Xcode 'outputs' to avoid re-running this script phase.\necho \"SUCCESS\" > \"${SCRIPT_OUTPUT_FILE_0}\"\n";
			showEnvVarsInLog = 0;
		};
		E44A4C5BED2E900C64F2CF9E /* [CP] Check Pods Manifest.lock */ = {
			isa = PBXShellScriptBuildPhase;
			buildActionMask = 2147483647;
			files = (
			);
			inputFileListPaths = (
			);
			inputPaths = (
				"${PODS_PODFILE_DIR_PATH}/Podfile.lock",
				"${PODS_ROOT}/Manifest.lock",
			);
			name = "[CP] Check Pods Manifest.lock";
			outputFileListPaths = (
			);
			outputPaths = (
				"$(DERIVED_FILE_DIR)/Pods-Weather2Tests-checkManifestLockResult.txt",
			);
			runOnlyForDeploymentPostprocessing = 0;
			shellPath = /bin/sh;
			shellScript = "diff \"${PODS_PODFILE_DIR_PATH}/Podfile.lock\" \"${PODS_ROOT}/Manifest.lock\" > /dev/null\nif [ $? != 0 ] ; then\n    # print error to STDERR\n    echo \"error: The sandbox is not in sync with the Podfile.lock. Run 'pod install' or update your CocoaPods installation.\" >&2\n    exit 1\nfi\n# This output is used by Xcode 'outputs' to avoid re-running this script phase.\necho \"SUCCESS\" > \"${SCRIPT_OUTPUT_FILE_0}\"\n";
			showEnvVarsInLog = 0;
		};
/* End PBXShellScriptBuildPhase section */

/* Begin PBXSourcesBuildPhase section */
		3FB340AD23AE4CA90080DEE0 /* Sources */ = {
			isa = PBXSourcesBuildPhase;
			buildActionMask = 2147483647;
			files = (
				3FB340B923AE4CAA0080DEE0 /* ViewController.swift in Sources */,
				3FB340B523AE4CAA0080DEE0 /* AppDelegate.swift in Sources */,
				3FB340B723AE4CAA0080DEE0 /* SceneDelegate.swift in Sources */,
			);
			runOnlyForDeploymentPostprocessing = 0;
		};
		3FB340C323AE4CAD0080DEE0 /* Sources */ = {
			isa = PBXSourcesBuildPhase;
			buildActionMask = 2147483647;
			files = (
				3FB340CC23AE4CAD0080DEE0 /* Weather2Tests.swift in Sources */,
			);
			runOnlyForDeploymentPostprocessing = 0;
		};
		3FB340CE23AE4CAD0080DEE0 /* Sources */ = {
			isa = PBXSourcesBuildPhase;
			buildActionMask = 2147483647;
			files = (
				3FB340D723AE4CAD0080DEE0 /* Weather2UITests.swift in Sources */,
			);
			runOnlyForDeploymentPostprocessing = 0;
		};
/* End PBXSourcesBuildPhase section */

/* Begin PBXTargetDependency section */
		3FB340C923AE4CAD0080DEE0 /* PBXTargetDependency */ = {
			isa = PBXTargetDependency;
			target = 3FB340B023AE4CA90080DEE0 /* Weather2 */;
			targetProxy = 3FB340C823AE4CAD0080DEE0 /* PBXContainerItemProxy */;
		};
		3FB340D423AE4CAD0080DEE0 /* PBXTargetDependency */ = {
			isa = PBXTargetDependency;
			target = 3FB340B023AE4CA90080DEE0 /* Weather2 */;
			targetProxy = 3FB340D323AE4CAD0080DEE0 /* PBXContainerItemProxy */;
		};
/* End PBXTargetDependency section */

/* Begin PBXVariantGroup section */
		3FB340BA23AE4CAA0080DEE0 /* Main.storyboard */ = {
			isa = PBXVariantGroup;
			children = (
				3FB340BB23AE4CAA0080DEE0 /* Base */,
			);
			name = Main.storyboard;
			sourceTree = "<group>";
		};
		3FB340BF23AE4CAC0080DEE0 /* LaunchScreen.storyboard */ = {
			isa = PBXVariantGroup;
			children = (
				3FB340C023AE4CAC0080DEE0 /* Base */,
			);
			name = LaunchScreen.storyboard;
			sourceTree = "<group>";
		};
/* End PBXVariantGroup section */

/* Begin XCBuildConfiguration section */
		3FB340D923AE4CAD0080DEE0 /* Debug */ = {
			isa = XCBuildConfiguration;
			buildSettings = {
				ALWAYS_SEARCH_USER_PATHS = NO;
				CLANG_ANALYZER_NONNULL = YES;
				CLANG_ANALYZER_NUMBER_OBJECT_CONVERSION = YES_AGGRESSIVE;
				CLANG_CXX_LANGUAGE_STANDARD = "gnu++14";
				CLANG_CXX_LIBRARY = "libc++";
				CLANG_ENABLE_MODULES = YES;
				CLANG_ENABLE_OBJC_ARC = YES;
				CLANG_ENABLE_OBJC_WEAK = YES;
				CLANG_WARN_BLOCK_CAPTURE_AUTORELEASING = YES;
				CLANG_WARN_BOOL_CONVERSION = YES;
				CLANG_WARN_COMMA = YES;
				CLANG_WARN_CONSTANT_CONVERSION = YES;
				CLANG_WARN_DEPRECATED_OBJC_IMPLEMENTATIONS = YES;
				CLANG_WARN_DIRECT_OBJC_ISA_USAGE = YES_ERROR;
				CLANG_WARN_DOCUMENTATION_COMMENTS = YES;
				CLANG_WARN_EMPTY_BODY = YES;
				CLANG_WARN_ENUM_CONVERSION = YES;
				CLANG_WARN_INFINITE_RECURSION = YES;
				CLANG_WARN_INT_CONVERSION = YES;
				CLANG_WARN_NON_LITERAL_NULL_CONVERSION = YES;
				CLANG_WARN_OBJC_IMPLICIT_RETAIN_SELF = YES;
				CLANG_WARN_OBJC_LITERAL_CONVERSION = YES;
				CLANG_WARN_OBJC_ROOT_CLASS = YES_ERROR;
				CLANG_WARN_RANGE_LOOP_ANALYSIS = YES;
				CLANG_WARN_STRICT_PROTOTYPES = YES;
				CLANG_WARN_SUSPICIOUS_MOVE = YES;
				CLANG_WARN_UNGUARDED_AVAILABILITY = YES_AGGRESSIVE;
				CLANG_WARN_UNREACHABLE_CODE = YES;
				CLANG_WARN__DUPLICATE_METHOD_MATCH = YES;
				COPY_PHASE_STRIP = NO;
				DEBUG_INFORMATION_FORMAT = dwarf;
				ENABLE_STRICT_OBJC_MSGSEND = YES;
				ENABLE_TESTABILITY = YES;
				GCC_C_LANGUAGE_STANDARD = gnu11;
				GCC_DYNAMIC_NO_PIC = NO;
				GCC_NO_COMMON_BLOCKS = YES;
				GCC_OPTIMIZATION_LEVEL = 0;
				GCC_PREPROCESSOR_DEFINITIONS = (
					"DEBUG=1",
					"$(inherited)",
				);
				GCC_WARN_64_TO_32_BIT_CONVERSION = YES;
				GCC_WARN_ABOUT_RETURN_TYPE = YES_ERROR;
				GCC_WARN_UNDECLARED_SELECTOR = YES;
				GCC_WARN_UNINITIALIZED_AUTOS = YES_AGGRESSIVE;
				GCC_WARN_UNUSED_FUNCTION = YES;
				GCC_WARN_UNUSED_VARIABLE = YES;
				IPHONEOS_DEPLOYMENT_TARGET = 13.2;
				MTL_ENABLE_DEBUG_INFO = INCLUDE_SOURCE;
				MTL_FAST_MATH = YES;
				ONLY_ACTIVE_ARCH = YES;
				SDKROOT = iphoneos;
				SWIFT_ACTIVE_COMPILATION_CONDITIONS = DEBUG;
				SWIFT_OPTIMIZATION_LEVEL = "-Onone";
			};
			name = Debug;
		};
		3FB340DA23AE4CAD0080DEE0 /* Release */ = {
			isa = XCBuildConfiguration;
			buildSettings = {
				ALWAYS_SEARCH_USER_PATHS = NO;
				CLANG_ANALYZER_NONNULL = YES;
				CLANG_ANALYZER_NUMBER_OBJECT_CONVERSION = YES_AGGRESSIVE;
				CLANG_CXX_LANGUAGE_STANDARD = "gnu++14";
				CLANG_CXX_LIBRARY = "libc++";
				CLANG_ENABLE_MODULES = YES;
				CLANG_ENABLE_OBJC_ARC = YES;
				CLANG_ENABLE_OBJC_WEAK = YES;
				CLANG_WARN_BLOCK_CAPTURE_AUTORELEASING = YES;
				CLANG_WARN_BOOL_CONVERSION = YES;
				CLANG_WARN_COMMA = YES;
				CLANG_WARN_CONSTANT_CONVERSION = YES;
				CLANG_WARN_DEPRECATED_OBJC_IMPLEMENTATIONS = YES;
				CLANG_WARN_DIRECT_OBJC_ISA_USAGE = YES_ERROR;
				CLANG_WARN_DOCUMENTATION_COMMENTS = YES;
				CLANG_WARN_EMPTY_BODY = YES;
				CLANG_WARN_ENUM_CONVERSION = YES;
				CLANG_WARN_INFINITE_RECURSION = YES;
				CLANG_WARN_INT_CONVERSION = YES;
				CLANG_WARN_NON_LITERAL_NULL_CONVERSION = YES;
				CLANG_WARN_OBJC_IMPLICIT_RETAIN_SELF = YES;
				CLANG_WARN_OBJC_LITERAL_CONVERSION = YES;
				CLANG_WARN_OBJC_ROOT_CLASS = YES_ERROR;
				CLANG_WARN_RANGE_LOOP_ANALYSIS = YES;
				CLANG_WARN_STRICT_PROTOTYPES = YES;
				CLANG_WARN_SUSPICIOUS_MOVE = YES;
				CLANG_WARN_UNGUARDED_AVAILABILITY = YES_AGGRESSIVE;
				CLANG_WARN_UNREACHABLE_CODE = YES;
				CLANG_WARN__DUPLICATE_METHOD_MATCH = YES;
				COPY_PHASE_STRIP = NO;
				DEBUG_INFORMATION_FORMAT = "dwarf-with-dsym";
				ENABLE_NS_ASSERTIONS = NO;
				ENABLE_STRICT_OBJC_MSGSEND = YES;
				GCC_C_LANGUAGE_STANDARD = gnu11;
				GCC_NO_COMMON_BLOCKS = YES;
				GCC_WARN_64_TO_32_BIT_CONVERSION = YES;
				GCC_WARN_ABOUT_RETURN_TYPE = YES_ERROR;
				GCC_WARN_UNDECLARED_SELECTOR = YES;
				GCC_WARN_UNINITIALIZED_AUTOS = YES_AGGRESSIVE;
				GCC_WARN_UNUSED_FUNCTION = YES;
				GCC_WARN_UNUSED_VARIABLE = YES;
				IPHONEOS_DEPLOYMENT_TARGET = 13.2;
				MTL_ENABLE_DEBUG_INFO = NO;
				MTL_FAST_MATH = YES;
				SDKROOT = iphoneos;
				SWIFT_COMPILATION_MODE = wholemodule;
				SWIFT_OPTIMIZATION_LEVEL = "-O";
				VALIDATE_PRODUCT = YES;
			};
			name = Release;
		};
		3FB340DC23AE4CAD0080DEE0 /* Debug */ = {
			isa = XCBuildConfiguration;
			baseConfigurationReference = 17F01EABEC1E4FA8135BEB6A /* Pods-Weather2.debug.xcconfig */;
			buildSettings = {
				ASSETCATALOG_COMPILER_APPICON_NAME = AppIcon;
				CODE_SIGN_STYLE = Automatic;
				DEVELOPMENT_TEAM = U9YH7PH6P6;
				INFOPLIST_FILE = Weather2/Info.plist;
				LD_RUNPATH_SEARCH_PATHS = (
					"$(inherited)",
					"@executable_path/Frameworks",
				);
				PRODUCT_BUNDLE_IDENTIFIER = Nathan.Weather2;
				PRODUCT_NAME = "$(TARGET_NAME)";
				SWIFT_VERSION = 5.0;
				TARGETED_DEVICE_FAMILY = "1,2";
			};
			name = Debug;
		};
		3FB340DD23AE4CAD0080DEE0 /* Release */ = {
			isa = XCBuildConfiguration;
			baseConfigurationReference = 7EE501FB97D9EEF2D1DE9A12 /* Pods-Weather2.release.xcconfig */;
			buildSettings = {
				ASSETCATALOG_COMPILER_APPICON_NAME = AppIcon;
				CODE_SIGN_STYLE = Automatic;
				DEVELOPMENT_TEAM = U9YH7PH6P6;
				INFOPLIST_FILE = Weather2/Info.plist;
				LD_RUNPATH_SEARCH_PATHS = (
					"$(inherited)",
					"@executable_path/Frameworks",
				);
				PRODUCT_BUNDLE_IDENTIFIER = Nathan.Weather2;
				PRODUCT_NAME = "$(TARGET_NAME)";
				SWIFT_VERSION = 5.0;
				TARGETED_DEVICE_FAMILY = "1,2";
			};
			name = Release;
		};
		3FB340DF23AE4CAD0080DEE0 /* Debug */ = {
			isa = XCBuildConfiguration;
			baseConfigurationReference = 0765703470B6E82689708A02 /* Pods-Weather2Tests.debug.xcconfig */;
			buildSettings = {
				ALWAYS_EMBED_SWIFT_STANDARD_LIBRARIES = YES;
				BUNDLE_LOADER = "$(TEST_HOST)";
				CODE_SIGN_STYLE = Automatic;
				DEVELOPMENT_TEAM = U9YH7PH6P6;
				INFOPLIST_FILE = Weather2Tests/Info.plist;
				IPHONEOS_DEPLOYMENT_TARGET = 13.2;
				LD_RUNPATH_SEARCH_PATHS = (
					"$(inherited)",
					"@executable_path/Frameworks",
					"@loader_path/Frameworks",
				);
				PRODUCT_BUNDLE_IDENTIFIER = Nathan.Weather2Tests;
				PRODUCT_NAME = "$(TARGET_NAME)";
				SWIFT_VERSION = 5.0;
				TARGETED_DEVICE_FAMILY = "1,2";
				TEST_HOST = "$(BUILT_PRODUCTS_DIR)/Weather2.app/Weather2";
			};
			name = Debug;
		};
		3FB340E023AE4CAD0080DEE0 /* Release */ = {
			isa = XCBuildConfiguration;
			baseConfigurationReference = 3403B0ABA10FF690623CD60B /* Pods-Weather2Tests.release.xcconfig */;
			buildSettings = {
				ALWAYS_EMBED_SWIFT_STANDARD_LIBRARIES = YES;
				BUNDLE_LOADER = "$(TEST_HOST)";
				CODE_SIGN_STYLE = Automatic;
				DEVELOPMENT_TEAM = U9YH7PH6P6;
				INFOPLIST_FILE = Weather2Tests/Info.plist;
				IPHONEOS_DEPLOYMENT_TARGET = 13.2;
				LD_RUNPATH_SEARCH_PATHS = (
					"$(inherited)",
					"@executable_path/Frameworks",
					"@loader_path/Frameworks",
				);
				PRODUCT_BUNDLE_IDENTIFIER = Nathan.Weather2Tests;
				PRODUCT_NAME = "$(TARGET_NAME)";
				SWIFT_VERSION = 5.0;
				TARGETED_DEVICE_FAMILY = "1,2";
				TEST_HOST = "$(BUILT_PRODUCTS_DIR)/Weather2.app/Weather2";
			};
			name = Release;
		};
		3FB340E223AE4CAD0080DEE0 /* Debug */ = {
			isa = XCBuildConfiguration;
			baseConfigurationReference = A3812CBB7F87F210FE169BE8 /* Pods-Weather2-Weather2UITests.debug.xcconfig */;
			buildSettings = {
				ALWAYS_EMBED_SWIFT_STANDARD_LIBRARIES = YES;
				CODE_SIGN_STYLE = Automatic;
				DEVELOPMENT_TEAM = U9YH7PH6P6;
				INFOPLIST_FILE = Weather2UITests/Info.plist;
				LD_RUNPATH_SEARCH_PATHS = (
					"$(inherited)",
					"@executable_path/Frameworks",
					"@loader_path/Frameworks",
				);
				PRODUCT_BUNDLE_IDENTIFIER = Nathan.Weather2UITests;
				PRODUCT_NAME = "$(TARGET_NAME)";
				SWIFT_VERSION = 5.0;
				TARGETED_DEVICE_FAMILY = "1,2";
				TEST_TARGET_NAME = Weather2;
			};
			name = Debug;
		};
		3FB340E323AE4CAD0080DEE0 /* Release */ = {
			isa = XCBuildConfiguration;
			baseConfigurationReference = 178B52610534DF4AE9841700 /* Pods-Weather2-Weather2UITests.release.xcconfig */;
			buildSettings = {
				ALWAYS_EMBED_SWIFT_STANDARD_LIBRARIES = YES;
				CODE_SIGN_STYLE = Automatic;
				DEVELOPMENT_TEAM = U9YH7PH6P6;
				INFOPLIST_FILE = Weather2UITests/Info.plist;
				LD_RUNPATH_SEARCH_PATHS = (
					"$(inherited)",
					"@executable_path/Frameworks",
					"@loader_path/Frameworks",
				);
				PRODUCT_BUNDLE_IDENTIFIER = Nathan.Weather2UITests;
				PRODUCT_NAME = "$(TARGET_NAME)";
				SWIFT_VERSION = 5.0;
				TARGETED_DEVICE_FAMILY = "1,2";
				TEST_TARGET_NAME = Weather2;
			};
			name = Release;
		};
/* End XCBuildConfiguration section */

/* Begin XCConfigurationList section */
		3FB340AC23AE4CA90080DEE0 /* Build configuration list for PBXProject "Weather2" */ = {
			isa = XCConfigurationList;
			buildConfigurations = (
				3FB340D923AE4CAD0080DEE0 /* Debug */,
				3FB340DA23AE4CAD0080DEE0 /* Release */,
			);
			defaultConfigurationIsVisible = 0;
			defaultConfigurationName = Release;
		};
		3FB340DB23AE4CAD0080DEE0 /* Build configuration list for PBXNativeTarget "Weather2" */ = {
			isa = XCConfigurationList;
			buildConfigurations = (
				3FB340DC23AE4CAD0080DEE0 /* Debug */,
				3FB340DD23AE4CAD0080DEE0 /* Release */,
			);
			defaultConfigurationIsVisible = 0;
			defaultConfigurationName = Release;
		};
		3FB340DE23AE4CAD0080DEE0 /* Build configuration list for PBXNativeTarget "Weather2Tests" */ = {
			isa = XCConfigurationList;
			buildConfigurations = (
				3FB340DF23AE4CAD0080DEE0 /* Debug */,
				3FB340E023AE4CAD0080DEE0 /* Release */,
			);
			defaultConfigurationIsVisible = 0;
			defaultConfigurationName = Release;
		};
		3FB340E123AE4CAD0080DEE0 /* Build configuration list for PBXNativeTarget "Weather2UITests" */ = {
			isa = XCConfigurationList;
			buildConfigurations = (
				3FB340E223AE4CAD0080DEE0 /* Debug */,
				3FB340E323AE4CAD0080DEE0 /* Release */,
			);
			defaultConfigurationIsVisible = 0;
			defaultConfigurationName = Release;
		};
/* End XCConfigurationList section */
	};
	rootObject = 3FB340A923AE4CA90080DEE0 /* Project object */;
}
